
Microsoft Visual Studio Solution File, Format Version 12.00
# Visual Studio 2013
VisualStudioVersion = 12.0.21005.1
MinimumVisualStudioVersion = 10.0.40219.1
Project("{2150E333-8FDC-42A3-9474-1A3956D46DE8}") = "Solution Items", "Solution Items", "{6E06E69E-D5DA-434D-B6D0-7F9ED8D70AB3}"
EndProject
Project("{FAE04EC0-301F-11D3-BF4B-00C04F79EFBC}") = "Demo.Website", "Demo.Website\Demo.Website.csproj", "{93805EE8-17CC-4F5F-A89E-2FE56BC13E61}"
EndProject
Project("{2150E333-8FDC-42A3-9474-1A3956D46DE8}") = ".nuget", ".nuget", "{365CDE88-8925-4470-9650-9C05112792A3}"
	ProjectSection(SolutionItems) = preProject
		.nuget\NuGet.Config = .nuget\NuGet.Config
		.nuget\NuGet.exe = .nuget\NuGet.exe
		.nuget\NuGet.targets = .nuget\NuGet.targets
	EndProjectSection
EndProject
Project("{FAE04EC0-301F-11D3-BF4B-00C04F79EFBC}") = "Demo.UnitTests", "Demo.UnitTests\Demo.UnitTests.csproj", "{82BB4D86-C470-44A4-9174-A6B1185AA907}"
EndProject
Project("{FAE04EC0-301F-11D3-BF4B-00C04F79EFBC}") = "Database.Demo", "Database.Demo\Database.Demo.csproj", "{423A127D-3144-438D-B0E7-1BE5A50339CA}"
EndProject
Project("{FAE04EC0-301F-11D3-BF4B-00C04F79EFBC}") = "Demo.SeleniumTests", "Demo.SeleniumTests\Demo.SeleniumTests.csproj", "{FE88CC0E-4091-4277-B2DF-784AB3DAE730}"
EndProject
Global
	GlobalSection(SolutionConfigurationPlatforms) = preSolution
		Debug|Any CPU = Debug|Any CPU
		Release|Any CPU = Release|Any CPU
	EndGlobalSection
	GlobalSection(ProjectConfigurationPlatforms) = postSolution
		{93805EE8-17CC-4F5F-A89E-2FE56BC13E61}.Debug|Any CPU.ActiveCfg = Debug|Any CPU
		{93805EE8-17CC-4F5F-A89E-2FE56BC13E61}.Debug|Any CPU.Build.0 = Debug|Any CPU
		{93805EE8-17CC-4F5F-A89E-2FE56BC13E61}.Release|Any CPU.ActiveCfg = Release|Any CPU
		{93805EE8-17CC-4F5F-A89E-2FE56BC13E61}.Release|Any CPU.Build.0 = Release|Any CPU
		{82BB4D86-C470-44A4-9174-A6B1185AA907}.Debug|Any CPU.ActiveCfg = Debug|Any CPU
		{82BB4D86-C470-44A4-9174-A6B1185AA907}.Debug|Any CPU.Build.0 = Debug|Any CPU
		{82BB4D86-C470-44A4-9174-A6B1185AA907}.Release|Any CPU.ActiveCfg = Release|Any CPU
		{82BB4D86-C470-44A4-9174-A6B1185AA907}.Release|Any CPU.Build.0 = Release|Any CPU
		{423A127D-3144-438D-B0E7-1BE5A50339CA}.Debug|Any CPU.ActiveCfg = Debug|Any CPU
		{423A127D-3144-438D-B0E7-1BE5A50339CA}.Debug|Any CPU.Build.0 = Debug|Any CPU
		{423A127D-3144-438D-B0E7-1BE5A50339CA}.Release|Any CPU.ActiveCfg = Release|Any CPU
		{423A127D-3144-438D-B0E7-1BE5A50339CA}.Release|Any CPU.Build.0 = Release|Any CPU
		{FE88CC0E-4091-4277-B2DF-784AB3DAE730}.Debug|Any CPU.ActiveCfg = Debug|Any CPU
		{FE88CC0E-4091-4277-B2DF-784AB3DAE730}.Debug|Any CPU.Build.0 = Debug|Any CPU
		{FE88CC0E-4091-4277-B2DF-784AB3DAE730}.Release|Any CPU.ActiveCfg = Release|Any CPU
		{FE88CC0E-4091-4277-B2DF-784AB3DAE730}.Release|Any CPU.Build.0 = Release|Any CPU
	EndGlobalSection
	GlobalSection(SolutionProperties) = preSolution
		HideSolutionNode = FALSE
	EndGlobalSection
EndGlobal
